PODS:
  - TensorFlowKit (0.1.0):
    - TensorFlowLiteSwift
  - TensorFlowLiteC (2.4.0):
    - TensorFlowLiteC/Core (= 2.4.0)
  - TensorFlowLiteC/Core (2.4.0)
  - TensorFlowLiteSwift (2.4.0):
    - TensorFlowLiteSwift/Core (= 2.4.0)
  - TensorFlowLiteSwift/Core (2.4.0):
    - TensorFlowLiteC (= 2.4.0)

DEPENDENCIES:
  - TensorFlowKit (from `../`)

SPEC REPOS:
  trunk:
    - TensorFlowLiteC
    - TensorFlowLiteSwift

EXTERNAL SOURCES:
  TensorFlowKit:
    :path: "../"

SPEC CHECKSUMS:
  TensorFlowKit: 4d9b7155daf7e5577d70134b846b40037659018e
  TensorFlowLiteC: 09f8ac75a76caeadb19bcfa694e97454cc1ecf87
  TensorFlowLiteSwift: f062dc1178120100d825d7799fd9f115b4a37fee

PODFILE CHECKSUM: 7bcf269759dfb764b93e15f514269da27532cecb

COCOAPODS: 1.10.1
